{
  "name": "m8-mockStore",
  "version": "1.0.0",
  "lockfileVersion": 1,
  "requires": true,
  "dependencies": {
    "graphql": {
      "version": "14.0.2",
      "resolved": "https://registry.npmjs.org/graphql/-/graphql-14.0.2.tgz",
      "integrity": "sha512-gUC4YYsaiSJT1h40krG3J+USGlwhzNTXSb4IOZljn9ag5Tj+RkoXrWp+Kh7WyE3t1NCfab5kzCuxBIvOMERMXw==",
      "requires": {
        "iterall": "1.2.2"
      }
    },
    "graphql-compose": {
      "version": "5.3.4",
      "resolved": "https://registry.npmjs.org/graphql-compose/-/graphql-compose-5.3.4.tgz",
      "integrity": "sha512-HOIF0HQtP4XiSU7jSNYktCuFSuXckXVRM8TSmeTtfShTBwFygU006oR1auAx7XjKrdgiG2YChKRfRUKbdsiCMA==",
      "requires": {
        "graphql-type-json": "0.2.1",
        "object-path": "0.11.4"
      }
    },
    "graphql-type-json": {
      "version": "0.2.1",
      "resolved": "https://registry.npmjs.org/graphql-type-json/-/graphql-type-json-0.2.1.tgz",
      "integrity": "sha1-0sF34vGxfYf4EHLNBTEcB1S6pCA="
    },
    "iterall": {
      "version": "1.2.2",
      "resolved": "https://registry.npmjs.org/iterall/-/iterall-1.2.2.tgz",
      "integrity": "sha512-yynBb1g+RFUPY64fTrFv7nsjRrENBQJaX2UL+2Szc9REFrSNm1rpSXHGzhmAy7a9uv3vlvgBlXnf9RqmPH1/DA=="
    },
    "object-path": {
      "version": "0.11.4",
      "resolved": "https://registry.npmjs.org/object-path/-/object-path-0.11.4.tgz",
      "integrity": "sha1-NwrnUvvzfePqcKhhwju6iRVpGUk="
    },
    "ramda": {
      "version": "0.26.1",
      "resolved": "https://registry.npmjs.org/ramda/-/ramda-0.26.1.tgz",
      "integrity": "sha512-hLWjpy7EnsDBb0p+Z3B7rPi3GDeRG5ZtiI33kJhTt+ORCd38AbAIjB/9zRIUoeTbE/AVX5ZkU7m6bznsvrf8eQ=="
    }
  }
}
