{
	"name": "m8-users",
	"version": "1.0.0",
	"lockfileVersion": 1,
	"requires": true,
	"dependencies": {
		"graphql-compose": {
			"version": "5.3.4",
			"resolved": "https://registry.npmjs.org/graphql-compose/-/graphql-compose-5.3.4.tgz",
			"integrity": "sha512-HOIF0HQtP4XiSU7jSNYktCuFSuXckXVRM8TSmeTtfShTBwFygU006oR1auAx7XjKrdgiG2YChKRfRUKbdsiCMA==",
			"requires": {
				"graphql-type-json": "^0.2.1",
				"object-path": "^0.11.4"
			}
		},
		"graphql-type-json": {
			"version": "0.2.1",
			"resolved": "https://registry.npmjs.org/graphql-type-json/-/graphql-type-json-0.2.1.tgz",
			"integrity": "sha1-0sF34vGxfYf4EHLNBTEcB1S6pCA="
		},
		"object-path": {
			"version": "0.11.4",
			"resolved": "https://registry.npmjs.org/object-path/-/object-path-0.11.4.tgz",
			"integrity": "sha1-NwrnUvvzfePqcKhhwju6iRVpGUk="
		},
		"ramda": {
			"version": "0.26.1",
			"resolved": "https://registry.npmjs.org/ramda/-/ramda-0.26.1.tgz",
			"integrity": "sha512-hLWjpy7EnsDBb0p+Z3B7rPi3GDeRG5ZtiI33kJhTt+ORCd38AbAIjB/9zRIUoeTbE/AVX5ZkU7m6bznsvrf8eQ=="
		}
	}
}
